
Microsoft Visual Studio Solution File, Format Version 12.00
# Visual Studio 15
Project("{FAE04EC0-301F-11D3-BF4B-00C04F79EFBC}") = "CFXRRuntime", "CFXRRuntime.csproj", "{5E6925CD-4949-0311-2A4C-47B2E80D7999}"
EndProject
Project("{FAE04EC0-301F-11D3-BF4B-00C04F79EFBC}") = "Assembly-CSharp", "Assembly-CSharp.csproj", "{985C2A94-72FB-4C36-2B15-E4A7ECDB54D4}"
EndProject
Project("{FAE04EC0-301F-11D3-BF4B-00C04F79EFBC}") = "CFXRRuntime", "CFXRRuntime.Player.csproj", "{2BB02D65-02F3-222E-8D81-6FEAD2FEE0EC}"
EndProject
Project("{FAE04EC0-301F-11D3-BF4B-00C04F79EFBC}") = "Assembly-CSharp", "Assembly-CSharp.Player.csproj", "{58BB3639-16B5-4797-0217-4853ADBF8151}"
EndProject
Global
	GlobalSection(SolutionConfigurationPlatforms) = preSolution
		Debug|Any CPU = Debug|Any CPU
		Release|Any CPU = Release|Any CPU
	EndGlobalSection
	GlobalSection(ProjectConfigurationPlatforms) = postSolution
		{5E6925CD-4949-0311-2A4C-47B2E80D7999}.Debug|Any CPU.ActiveCfg = Debug|Any CPU
		{5E6925CD-4949-0311-2A4C-47B2E80D7999}.Debug|Any CPU.Build.0 = Debug|Any CPU
		{5E6925CD-4949-0311-2A4C-47B2E80D7999}.Release|Any CPU.ActiveCfg = Release|Any CPU
		{5E6925CD-4949-0311-2A4C-47B2E80D7999}.Release|Any CPU.Build.0 = Release|Any CPU
		{985C2A94-72FB-4C36-2B15-E4A7ECDB54D4}.Debug|Any CPU.ActiveCfg = Debug|Any CPU
		{985C2A94-72FB-4C36-2B15-E4A7ECDB54D4}.Debug|Any CPU.Build.0 = Debug|Any CPU
		{985C2A94-72FB-4C36-2B15-E4A7ECDB54D4}.Release|Any CPU.ActiveCfg = Release|Any CPU
		{985C2A94-72FB-4C36-2B15-E4A7ECDB54D4}.Release|Any CPU.Build.0 = Release|Any CPU
		{2BB02D65-02F3-222E-8D81-6FEAD2FEE0EC}.Debug|Any CPU.ActiveCfg = Debug|Any CPU
		{2BB02D65-02F3-222E-8D81-6FEAD2FEE0EC}.Debug|Any CPU.Build.0 = Debug|Any CPU
		{2BB02D65-02F3-222E-8D81-6FEAD2FEE0EC}.Release|Any CPU.ActiveCfg = Release|Any CPU
		{2BB02D65-02F3-222E-8D81-6FEAD2FEE0EC}.Release|Any CPU.Build.0 = Release|Any CPU
		{58BB3639-16B5-4797-0217-4853ADBF8151}.Debug|Any CPU.ActiveCfg = Debug|Any CPU
		{58BB3639-16B5-4797-0217-4853ADBF8151}.Debug|Any CPU.Build.0 = Debug|Any CPU
		{58BB3639-16B5-4797-0217-4853ADBF8151}.Release|Any CPU.ActiveCfg = Release|Any CPU
		{58BB3639-16B5-4797-0217-4853ADBF8151}.Release|Any CPU.Build.0 = Release|Any CPU
	EndGlobalSection
	GlobalSection(SolutionProperties) = preSolution
		HideSolutionNode = FALSE
	EndGlobalSection
EndGlobal
